<?xml version="1.0" encoding="utf-8"?>
<Project ToolsVersion="4.0" xmlns="http://schemas.microsoft.com/developer/msbuild/2003">
  <ItemGroup>
    <Filter Include="Source Files">
      <UniqueIdentifier>{4FC737F1-C7A5-4376-A066-2A32D752A2FF}</UniqueIdentifier>
      <Extensions>cpp;cxx;c;def</Extensions>
    </Filter>
    <Filter Include="Header Files">
      <UniqueIdentifier>{93995380-89BD-4b04-88EB-625FBE52EBFB}</UniqueIdentifier>
      <Extensions>h</Extensions>
    </Filter>
    <Filter Include="Form Files">
      <UniqueIdentifier>{99349809-55BA-4b9d-BF79-8FDBB0286EB3}</UniqueIdentifier>
      <Extensions>ui</Extensions>
    </Filter>
    <Filter Include="Resource Files">
      <UniqueIdentifier>{D9D6E242-F8AF-46E4-B9FD-80ECBC20BA3E}</UniqueIdentifier>
      <Extensions>qrc;*</Extensions>
      <ParseFiles>false</ParseFiles>
    </Filter>
    <Filter Include="Generated Files">
      <UniqueIdentifier>{71ED8ED8-ACB9-4CE9-BBE1-E00B30144E11}</UniqueIdentifier>
      <Extensions>moc;h;cpp</Extensions>
      <SourceControlFiles>False</SourceControlFiles>
    </Filter>
    <Filter Include="Generated Files\Debug">
      <UniqueIdentifier>{c47ee0a7-145f-4427-a1ed-7d21d4d88d32}</UniqueIdentifier>
      <Extensions>cpp;moc</Extensions>
      <SourceControlFiles>False</SourceControlFiles>
    </Filter>
    <Filter Include="Generated Files\Release">
      <UniqueIdentifier>{c3b146a5-8278-41ff-8508-8f819c46b7a1}</UniqueIdentifier>
      <Extensions>cpp;moc</Extensions>
      <SourceControlFiles>False</SourceControlFiles>
    </Filter>
    <Filter Include="Translation Files">
      <UniqueIdentifier>{639EADAA-A684-42e4-A9AD-28FC9BCB8F7C}</UniqueIdentifier>
      <Extensions>ts</Extensions>
      <ParseFiles>false</ParseFiles>
    </Filter>
    <Filter Include="YxChat">
      <UniqueIdentifier>{623320f6-5445-4cb7-b218-ded375d9fc7d}</UniqueIdentifier>
    </Filter>
  </ItemGroup>
  <ItemGroup>
    <ClCompile Include="main.cpp">
      <Filter>Source Files</Filter>
    </ClCompile>
    <ClCompile Include="loginwindow.cpp">
      <Filter>Source Files</Filter>
    </ClCompile>
    <ClCompile Include="GeneratedFiles\Debug\moc_loginwindow.cpp">
      <Filter>Generated Files\Debug</Filter>
    </ClCompile>
    <ClCompile Include="GeneratedFiles\Release\moc_loginwindow.cpp">
      <Filter>Generated Files\Release</Filter>
    </ClCompile>
    <ClCompile Include="GeneratedFiles\qrc_loginwindow.cpp">
      <Filter>Generated Files</Filter>
    </ClCompile>
    <ClCompile Include="user.cpp">
      <Filter>Source Files</Filter>
    </ClCompile>
    <ClCompile Include="UIMessageBox.cpp">
      <Filter>Source Files</Filter>
    </ClCompile>
    <ClCompile Include="GeneratedFiles\Debug\moc_UIMessageBox.cpp">
      <Filter>Generated Files\Debug</Filter>
    </ClCompile>
    <ClCompile Include="GeneratedFiles\Release\moc_UIMessageBox.cpp">
      <Filter>Generated Files\Release</Filter>
    </ClCompile>
    <ClCompile Include="UIButton.cpp">
      <Filter>Source Files</Filter>
    </ClCompile>
    <ClCompile Include="GeneratedFiles\Debug\moc_UIButton.cpp">
      <Filter>Generated Files\Debug</Filter>
    </ClCompile>
    <ClCompile Include="GeneratedFiles\Release\moc_UIButton.cpp">
      <Filter>Generated Files\Release</Filter>
    </ClCompile>
    <ClCompile Include="course.cpp">
      <Filter>Source Files</Filter>
    </ClCompile>
    <ClCompile Include="UIMainwindow.cpp">
      <Filter>Source Files</Filter>
    </ClCompile>
    <ClCompile Include="GeneratedFiles\Debug\moc_UIMainwindow.cpp">
      <Filter>Generated Files\Debug</Filter>
    </ClCompile>
    <ClCompile Include="GeneratedFiles\Release\moc_UIMainwindow.cpp">
      <Filter>Generated Files\Release</Filter>
    </ClCompile>
    <ClCompile Include="lesson.cpp">
      <Filter>Source Files</Filter>
    </ClCompile>
    <ClCompile Include="UIWorkThread.cpp">
      <Filter>Source Files</Filter>
    </ClCompile>
    <ClCompile Include="GeneratedFiles\Debug\moc_UIWorkThread.cpp">
      <Filter>Generated Files\Debug</Filter>
    </ClCompile>
    <ClCompile Include="GeneratedFiles\Release\moc_UIWorkThread.cpp">
      <Filter>Generated Files\Release</Filter>
    </ClCompile>
    <ClCompile Include="UIVideo.cpp">
      <Filter>Source Files</Filter>
    </ClCompile>
    <ClCompile Include="GeneratedFiles\Debug\moc_UIVideo.cpp">
      <Filter>Generated Files\Debug</Filter>
    </ClCompile>
    <ClCompile Include="GeneratedFiles\Release\moc_UIVideo.cpp">
      <Filter>Generated Files\Release</Filter>
    </ClCompile>
    <ClCompile Include="UIAuxiliaryPanel.cpp">
      <Filter>Source Files</Filter>
    </ClCompile>
    <ClCompile Include="GeneratedFiles\Debug\moc_UIAuxiliaryPanel.cpp">
      <Filter>Generated Files\Debug</Filter>
    </ClCompile>
    <ClCompile Include="GeneratedFiles\Release\moc_UIAuxiliaryPanel.cpp">
      <Filter>Generated Files\Release</Filter>
    </ClCompile>
    <ClCompile Include="UIOtherApp.cpp">
      <Filter>Source Files</Filter>
    </ClCompile>
    <ClCompile Include="GeneratedFiles\Debug\moc_UIOtherApp.cpp">
      <Filter>Generated Files\Debug</Filter>
    </ClCompile>
    <ClCompile Include="GeneratedFiles\Release\moc_UIOtherApp.cpp">
      <Filter>Generated Files\Release</Filter>
    </ClCompile>
    <ClCompile Include="UIAudiochange.cpp">
      <Filter>Source Files</Filter>
    </ClCompile>
    <ClCompile Include="GeneratedFiles\Debug\moc_UIAudiochange.cpp">
      <Filter>Generated Files\Debug</Filter>
    </ClCompile>
    <ClCompile Include="GeneratedFiles\Release\moc_UIAudiochange.cpp">
      <Filter>Generated Files\Release</Filter>
    </ClCompile>
    <ClCompile Include="UIVideochange.cpp">
      <Filter>Source Files</Filter>
    </ClCompile>
    <ClCompile Include="GeneratedFiles\Debug\moc_UIVideochange.cpp">
      <Filter>Generated Files\Debug</Filter>
    </ClCompile>
    <ClCompile Include="GeneratedFiles\Release\moc_UIVideochange.cpp">
      <Filter>Generated Files\Release</Filter>
    </ClCompile>
    <ClCompile Include="UIRatio.cpp">
      <Filter>Source Files</Filter>
    </ClCompile>
    <ClCompile Include="GeneratedFiles\Debug\moc_UIRatio.cpp">
      <Filter>Generated Files\Debug</Filter>
    </ClCompile>
    <ClCompile Include="GeneratedFiles\Release\moc_UIRatio.cpp">
      <Filter>Generated Files\Release</Filter>
    </ClCompile>
    <ClCompile Include="animatedtextbrowser.cpp">
      <Filter>Source Files</Filter>
    </ClCompile>
    <ClCompile Include="animatedtextedit.cpp">
      <Filter>Source Files</Filter>
    </ClCompile>
    <ClCompile Include="myemotionitemwidget.cpp">
      <Filter>Source Files</Filter>
    </ClCompile>
    <ClCompile Include="myemotionwidget.cpp">
      <Filter>Source Files</Filter>
    </ClCompile>
    <ClCompile Include="UIChatRoom.cpp">
      <Filter>Source Files</Filter>
    </ClCompile>
    <ClCompile Include="GeneratedFiles\Release\moc_animatedtextbrowser.cpp">
      <Filter>Generated Files\Debug</Filter>
    </ClCompile>
    <ClCompile Include="GeneratedFiles\Debug\moc_animatedtextbrowser.cpp">
      <Filter>Generated Files\Debug</Filter>
    </ClCompile>
    <ClCompile Include="GeneratedFiles\Release\moc_animatedtextedit.cpp">
      <Filter>Generated Files\Debug</Filter>
    </ClCompile>
    <ClCompile Include="GeneratedFiles\Debug\moc_animatedtextedit.cpp">
      <Filter>Generated Files\Debug</Filter>
    </ClCompile>
    <ClCompile Include="GeneratedFiles\Debug\moc_myemotionitemwidget.cpp">
      <Filter>Generated Files\Debug</Filter>
    </ClCompile>
    <ClCompile Include="GeneratedFiles\Release\moc_myemotionitemwidget.cpp">
      <Filter>Generated Files\Debug</Filter>
    </ClCompile>
    <ClCompile Include="GeneratedFiles\Release\moc_myemotionwidget.cpp">
      <Filter>Generated Files\Debug</Filter>
    </ClCompile>
    <ClCompile Include="GeneratedFiles\Debug\moc_myemotionwidget.cpp">
      <Filter>Generated Files\Debug</Filter>
    </ClCompile>
    <ClCompile Include="GeneratedFiles\Debug\moc_UIChatRoom.cpp">
      <Filter>Generated Files\Debug</Filter>
    </ClCompile>
    <ClCompile Include="GeneratedFiles\Release\moc_UIChatRoom.cpp">
      <Filter>Generated Files\Debug</Filter>
    </ClCompile>
    <ClCompile Include="YxChat\nim_client_helper.cpp">
      <Filter>YxChat</Filter>
    </ClCompile>
    <ClCompile Include="YxChat\nim_common_helper.cpp">
      <Filter>YxChat</Filter>
    </ClCompile>
    <ClCompile Include="YxChat\nim_cpp_client.cpp">
      <Filter>YxChat</Filter>
    </ClCompile>
    <ClCompile Include="YxChat\nim_cpp_talk.cpp">
      <Filter>YxChat</Filter>
    </ClCompile>
    <ClCompile Include="YxChat\nim_msg_helper.cpp">
      <Filter>YxChat</Filter>
    </ClCompile>
    <ClCompile Include="YxChat\nim_msglog_helper.cpp">
      <Filter>YxChat</Filter>
    </ClCompile>
    <ClCompile Include="YxChat\nim_sdk_helper.cpp">
      <Filter>YxChat</Filter>
    </ClCompile>
    <ClCompile Include="YxChat\nim_session_helper.cpp">
      <Filter>YxChat</Filter>
    </ClCompile>
    <ClCompile Include="YxChat\nim_talk_helper.cpp">
      <Filter>YxChat</Filter>
    </ClCompile>
    <ClCompile Include="YxChat\nim_tools_http_cpp_wrapper.cpp">
      <Filter>YxChat</Filter>
    </ClCompile>
    <ClCompile Include="YxChat\session_callback.cpp">
      <Filter>YxChat</Filter>
    </ClCompile>
    <ClCompile Include="member.cpp">
      <Filter>Source Files</Filter>
    </ClCompile>
    <ClCompile Include="MToolButton.cpp">
      <Filter>Source Files</Filter>
    </ClCompile>
    <ClCompile Include="GeneratedFiles\Debug\moc_mtoolbutton.cpp">
      <Filter>Generated Files\Debug</Filter>
    </ClCompile>
    <ClCompile Include="GeneratedFiles\Release\moc_mtoolbutton.cpp">
      <Filter>Generated Files\Release</Filter>
    </ClCompile>
    <ClCompile Include="personList.cpp">
      <Filter>Source Files</Filter>
    </ClCompile>
    <ClCompile Include="GeneratedFiles\Debug\moc_personList.cpp">
      <Filter>Generated Files\Debug</Filter>
    </ClCompile>
    <ClCompile Include="GeneratedFiles\Release\moc_personList.cpp">
      <Filter>Generated Files\Release</Filter>
    </ClCompile>
    <ClCompile Include="personListBuddy.cpp">
      <Filter>Source Files</Filter>
    </ClCompile>
    <ClCompile Include="GeneratedFiles\Debug\moc_personListBuddy.cpp">
      <Filter>Generated Files\Debug</Filter>
    </ClCompile>
    <ClCompile Include="GeneratedFiles\Release\moc_personListBuddy.cpp">
      <Filter>Generated Files\Release</Filter>
    </ClCompile>
    <ClCompile Include="YxChat\nim_cpp_team.cpp">
      <Filter>YxChat</Filter>
    </ClCompile>
    <ClCompile Include="YxChat\nim_team_helper.cpp">
      <Filter>YxChat</Filter>
    </ClCompile>
    <ClCompile Include="YxChat\nim_cpp_global.cpp">
      <Filter>YxChat</Filter>
    </ClCompile>
    <ClCompile Include="YxChat\nim_user_helper.cpp">
      <Filter>YxChat</Filter>
    </ClCompile>
    <ClCompile Include="myLabel.cpp">
      <Filter>Source Files</Filter>
    </ClCompile>
    <ClCompile Include="GeneratedFiles\Debug\moc_myLabel.cpp">
      <Filter>Generated Files\Debug</Filter>
    </ClCompile>
    <ClCompile Include="GeneratedFiles\Release\moc_myLabel.cpp">
      <Filter>Generated Files\Release</Filter>
    </ClCompile>
    <ClCompile Include="YxChat\nim_cpp_msglog.cpp">
      <Filter>YxChat</Filter>
    </ClCompile>
    <ClCompile Include="UILessontable.cpp">
      <Filter>Source Files</Filter>
    </ClCompile>
    <ClCompile Include="GeneratedFiles\Debug\moc_UILessontable.cpp">
      <Filter>Generated Files\Debug</Filter>
    </ClCompile>
    <ClCompile Include="GeneratedFiles\Release\moc_UILessontable.cpp">
      <Filter>Generated Files\Release</Filter>
    </ClCompile>
    <ClCompile Include="UIMenuTool.cpp">
      <Filter>Source Files</Filter>
    </ClCompile>
    <ClCompile Include="GeneratedFiles\Debug\moc_UIMenuTool.cpp">
      <Filter>Generated Files\Debug</Filter>
    </ClCompile>
    <ClCompile Include="GeneratedFiles\Release\moc_UIMenuTool.cpp">
      <Filter>Generated Files\Release</Filter>
    </ClCompile>
    <ClCompile Include="GeneratedFiles\Debug\moc_UITimers.cpp">
      <Filter>Source Files</Filter>
    </ClCompile>
    <ClCompile Include="GeneratedFiles\Release\moc_UITimers.cpp">
      <Filter>Source Files</Filter>
    </ClCompile>
    <ClCompile Include="UITimers.cpp">
      <Filter>Source Files</Filter>
    </ClCompile>
    <ClCompile Include="UICamera.cpp">
      <Filter>Source Files</Filter>
    </ClCompile>
    <ClCompile Include="GeneratedFiles\Debug\moc_UICamera.cpp">
      <Filter>Generated Files\Debug</Filter>
    </ClCompile>
    <ClCompile Include="GeneratedFiles\Release\moc_UICamera.cpp">
      <Filter>Generated Files\Release</Filter>
    </ClCompile>
    <ClCompile Include="UISidescreen.cpp">
      <Filter>Source Files</Filter>
    </ClCompile>
    <ClCompile Include="GeneratedFiles\Debug\moc_UISidescreen.cpp">
      <Filter>Generated Files\Debug</Filter>
    </ClCompile>
    <ClCompile Include="GeneratedFiles\Release\moc_UISidescreen.cpp">
      <Filter>Generated Files\Release</Filter>
    </ClCompile>
  </ItemGroup>
  <ItemGroup>
    <CustomBuild Include="loginwindow.h">
      <Filter>Header Files</Filter>
    </CustomBuild>
    <CustomBuild Include="loginwindow.ui">
      <Filter>Form Files</Filter>
    </CustomBuild>
    <CustomBuild Include="loginwindow.qrc">
      <Filter>Resource Files</Filter>
    </CustomBuild>
    <CustomBuild Include="UIMessageBox.h">
      <Filter>Header Files</Filter>
    </CustomBuild>
    <CustomBuild Include="UIButton.h">
      <Filter>Header Files</Filter>
    </CustomBuild>
    <CustomBuild Include="UIMainwindow.h">
      <Filter>Header Files</Filter>
    </CustomBuild>
    <CustomBuild Include="UIMainwindow.ui">
      <Filter>Form Files</Filter>
    </CustomBuild>
    <CustomBuild Include="UIWorkThread.h">
      <Filter>Header Files</Filter>
    </CustomBuild>
    <CustomBuild Include="UIVideo.h">
      <Filter>Header Files</Filter>
    </CustomBuild>
    <CustomBuild Include="UIVideo.ui">
      <Filter>Form Files</Filter>
    </CustomBuild>
    <CustomBuild Include="UIAuxiliaryPanel.h">
      <Filter>Header Files</Filter>
    </CustomBuild>
    <CustomBuild Include="UIAuxiliaryPanel.ui">
      <Filter>Form Files</Filter>
    </CustomBuild>
    <CustomBuild Include="UIOtherApp.h">
      <Filter>Header Files</Filter>
    </CustomBuild>
    <CustomBuild Include="UIOtherApp.ui">
      <Filter>Form Files</Filter>
    </CustomBuild>
    <CustomBuild Include="UIAudiochange.h">
      <Filter>Header Files</Filter>
    </CustomBuild>
    <CustomBuild Include="UIAudiochange.ui">
      <Filter>Form Files</Filter>
    </CustomBuild>
    <CustomBuild Include="UIVideochange.h">
      <Filter>Header Files</Filter>
    </CustomBuild>
    <CustomBuild Include="UIVideochange.ui">
      <Filter>Form Files</Filter>
    </CustomBuild>
    <CustomBuild Include="UIRatio.h">
      <Filter>Header Files</Filter>
    </CustomBuild>
    <CustomBuild Include="UIRatio.ui">
      <Filter>Form Files</Filter>
    </CustomBuild>
    <CustomBuild Include="animatedtextedit.h">
      <Filter>Header Files</Filter>
    </CustomBuild>
    <CustomBuild Include="animatedtextbrowser.h">
      <Filter>Header Files</Filter>
    </CustomBuild>
    <CustomBuild Include="myemotionitemwidget.h">
      <Filter>Header Files</Filter>
    </CustomBuild>
    <CustomBuild Include="myemotionwidget.h">
      <Filter>Header Files</Filter>
    </CustomBuild>
    <CustomBuild Include="UIChatRoom.h">
      <Filter>Header Files</Filter>
    </CustomBuild>
    <CustomBuild Include="UIChatRoom.ui">
      <Filter>Form Files</Filter>
    </CustomBuild>
    <CustomBuild Include="mtoolbutton.h">
      <Filter>Source Files</Filter>
    </CustomBuild>
    <CustomBuild Include="personList.h">
      <Filter>Header Files</Filter>
    </CustomBuild>
    <CustomBuild Include="personListBuddy.h">
      <Filter>Header Files</Filter>
    </CustomBuild>
    <CustomBuild Include="myLabel.h">
      <Filter>Header Files</Filter>
    </CustomBuild>
    <CustomBuild Include="UILessontable.h">
      <Filter>Header Files</Filter>
    </CustomBuild>
    <CustomBuild Include="UILessontable.ui">
      <Filter>Form Files</Filter>
    </CustomBuild>
    <CustomBuild Include="UIMenuTool.h">
      <Filter>Header Files</Filter>
    </CustomBuild>
    <CustomBuild Include="UIMenuTool.ui">
      <Filter>Form Files</Filter>
    </CustomBuild>
    <CustomBuild Include="UITimers.h">
      <Filter>Header Files</Filter>
    </CustomBuild>
    <CustomBuild Include="UITimers.ui">
      <Filter>Form Files</Filter>
    </CustomBuild>
    <CustomBuild Include="UICamera.h">
      <Filter>Header Files</Filter>
    </CustomBuild>
    <CustomBuild Include="UICamera.ui">
      <Filter>Form Files</Filter>
    </CustomBuild>
    <CustomBuild Include="UISidescreen.h">
      <Filter>Header Files</Filter>
    </CustomBuild>
    <CustomBuild Include="UISidescreen.ui">
      <Filter>Form Files</Filter>
    </CustomBuild>
  </ItemGroup>
  <ItemGroup>
    <ClInclude Include="GeneratedFiles\ui_loginwindow.h">
      <Filter>Generated Files</Filter>
    </ClInclude>
    <ClInclude Include="user.h">
      <Filter>Header Files</Filter>
    </ClInclude>
    <ClInclude Include="course.h">
      <Filter>Header Files</Filter>
    </ClInclude>
    <ClInclude Include="GeneratedFiles\ui_UIMainwindow.h">
      <Filter>Generated Files</Filter>
    </ClInclude>
    <ClInclude Include="lesson.h">
      <Filter>Header Files</Filter>
    </ClInclude>
    <ClInclude Include="GeneratedFiles\ui_UIVideo.h">
      <Filter>Generated Files</Filter>
    </ClInclude>
    <ClInclude Include="GeneratedFiles\ui_UIAuxiliaryPanel.h">
      <Filter>Generated Files</Filter>
    </ClInclude>
    <ClInclude Include="GeneratedFiles\ui_UIOtherApp.h">
      <Filter>Generated Files</Filter>
    </ClInclude>
    <ClInclude Include="GeneratedFiles\ui_UIAudiochange.h">
      <Filter>Generated Files</Filter>
    </ClInclude>
    <ClInclude Include="GeneratedFiles\ui_UIVideochange.h">
      <Filter>Generated Files</Filter>
    </ClInclude>
    <ClInclude Include="GeneratedFiles\ui_UIRatio.h">
      <Filter>Generated Files</Filter>
    </ClInclude>
    <ClInclude Include="GeneratedFiles\ui_UIChatRoom.h">
      <Filter>Header Files</Filter>
    </ClInclude>
    <ClInclude Include="YxChat\net_export.h">
      <Filter>YxChat</Filter>
    </ClInclude>
    <ClInclude Include="YxChat\nim_client_helper.h">
      <Filter>YxChat</Filter>
    </ClInclude>
    <ClInclude Include="YxChat\nim_common_helper.h">
      <Filter>YxChat</Filter>
    </ClInclude>
    <ClInclude Include="YxChat\nim_cpp_client.h">
      <Filter>YxChat</Filter>
    </ClInclude>
    <ClInclude Include="YxChat\nim_cpp_talk.h">
      <Filter>YxChat</Filter>
    </ClInclude>
    <ClInclude Include="YxChat\nim_msg_helper.h">
      <Filter>YxChat</Filter>
    </ClInclude>
    <ClInclude Include="YxChat\nim_msglog_helper.h">
      <Filter>YxChat</Filter>
    </ClInclude>
    <ClInclude Include="YxChat\nim_sdk_helper.h">
      <Filter>YxChat</Filter>
    </ClInclude>
    <ClInclude Include="YxChat\nim_session_helper.h">
      <Filter>YxChat</Filter>
    </ClInclude>
    <ClInclude Include="YxChat\nim_talk_helper.h">
      <Filter>YxChat</Filter>
    </ClInclude>
    <ClInclude Include="YxChat\nim_tools_http_cpp_wrapper.h">
      <Filter>YxChat</Filter>
    </ClInclude>
    <ClInclude Include="YxChat\session_callback.h">
      <Filter>YxChat</Filter>
    </ClInclude>
    <ClInclude Include="member.h">
      <Filter>Source Files</Filter>
    </ClInclude>
    <ClInclude Include="YxChat\nim_cpp_team.h">
      <Filter>YxChat</Filter>
    </ClInclude>
    <ClInclude Include="YxChat\nim_team_helper.h">
      <Filter>YxChat</Filter>
    </ClInclude>
    <ClInclude Include="YxChat\nim_cpp_global.h">
      <Filter>YxChat</Filter>
    </ClInclude>
    <ClInclude Include="YxChat\nim_user_helper.h">
      <Filter>YxChat</Filter>
    </ClInclude>
    <ClInclude Include="YxChat\nim_cpp_msglog.h">
      <Filter>YxChat</Filter>
    </ClInclude>
    <ClInclude Include="GeneratedFiles\ui_UILessontable.h">
      <Filter>Generated Files</Filter>
    </ClInclude>
    <ClInclude Include="GeneratedFiles\ui_UIMenuTool.h">
      <Filter>Generated Files</Filter>
    </ClInclude>
    <ClInclude Include="GeneratedFiles\ui_UITimers.h">
      <Filter>Header Files</Filter>
    </ClInclude>
    <ClInclude Include="GeneratedFiles\ui_UICamera.h">
      <Filter>Generated Files</Filter>
    </ClInclude>
    <ClInclude Include="GeneratedFiles\ui_UISidescreen.h">
      <Filter>Generated Files</Filter>
    </ClInclude>
  </ItemGroup>
  <ItemGroup>
    <None Include="qatime-studio_zh.ts">
      <Filter>Translation Files</Filter>
    </None>
  </ItemGroup>
  <ItemGroup>
    <ResourceCompile Include="res.rc" />
  </ItemGroup>
</Project>